
Microsoft Visual Studio Solution File, Format Version 12.00
Project("{FAE04EC0-301F-11D3-BF4B-00C04F79EFBC}") = "DS3PortingTool", "DS3PortingTool\DS3PortingTool.csproj", "{747AA5E7-AE47-4372-AB34-472DEA459257}"
EndProject
Project("{FAE04EC0-301F-11D3-BF4B-00C04F79EFBC}") = "SoulsFormats", "SoulsFormatsNEXT\SoulsFormats\SoulsFormats.csproj", "{2A7BAE23-D4D5-4EAD-B30A-801B61C16736}"
EndProject
Project("{FAE04EC0-301F-11D3-BF4B-00C04F79EFBC}") = "SoulsGameSpecs", "..\SoulsGameSpecs\SoulsGameSpecs\SoulsGameSpecs.csproj", "{6609599D-08C0-4BE1-9B89-C79C33C9EA54}"
EndProject
Global
	GlobalSection(SolutionConfigurationPlatforms) = preSolution
		Debug|Any CPU = Debug|Any CPU
		Release|Any CPU = Release|Any CPU
	EndGlobalSection
	GlobalSection(ProjectConfigurationPlatforms) = postSolution
		{747AA5E7-AE47-4372-AB34-472DEA459257}.Release|Any CPU.ActiveCfg = Debug|Any CPU
		{747AA5E7-AE47-4372-AB34-472DEA459257}.Release|Any CPU.Build.0 = Debug|Any CPU
		{747AA5E7-AE47-4372-AB34-472DEA459257}.Debug|Any CPU.ActiveCfg = Debug|Any CPU
		{747AA5E7-AE47-4372-AB34-472DEA459257}.Debug|Any CPU.Build.0 = Debug|Any CPU
		{2A7BAE23-D4D5-4EAD-B30A-801B61C16736}.Debug|Any CPU.ActiveCfg = Debug|Any CPU
		{2A7BAE23-D4D5-4EAD-B30A-801B61C16736}.Debug|Any CPU.Build.0 = Debug|Any CPU
		{2A7BAE23-D4D5-4EAD-B30A-801B61C16736}.Release|Any CPU.ActiveCfg = Release|Any CPU
		{2A7BAE23-D4D5-4EAD-B30A-801B61C16736}.Release|Any CPU.Build.0 = Release|Any CPU
		{6609599D-08C0-4BE1-9B89-C79C33C9EA54}.Debug|Any CPU.ActiveCfg = Debug|Any CPU
		{6609599D-08C0-4BE1-9B89-C79C33C9EA54}.Debug|Any CPU.Build.0 = Debug|Any CPU
		{6609599D-08C0-4BE1-9B89-C79C33C9EA54}.Release|Any CPU.ActiveCfg = Release|Any CPU
		{6609599D-08C0-4BE1-9B89-C79C33C9EA54}.Release|Any CPU.Build.0 = Release|Any CPU
	EndGlobalSection
EndGlobal
